# THIS IS AN AUTOGENERATED FILE. DO NOT EDIT THIS FILE DIRECTLY.
# yarn lockfile v1


"@alloc/quick-lru@^5.2.0":
  version "5.2.0"
  resolved "https://registry.npmjs.org/@alloc/quick-lru/-/quick-lru-5.2.0.tgz"
  integrity sha512-UrcABB+4bUrFABwbluTIBErXwvbsU/V7TZWfmbgJfbkwiBuziS9gxdODUyuiecfdGQ85jglMW6juS3+z5TsKLw==

"@fontsource-variable/bricolage-grotesque@^5.2.5":
  version "5.2.10"
  resolved "https://registry.npmjs.org/@fontsource-variable/bricolage-grotesque/-/bricolage-grotesque-5.2.10.tgz"
  integrity sha512-5EDsCqgGpKVcJWE4sg9ydli+t5WM97mISYw5lla/Ev4z71FwXh1oN0YUU8xjkRW9+wBCGD9R+ntAvI8G4bUFJg==

"@fontsource-variable/figtree@^5.2.5":
  version "5.2.10"
  resolved "https://registry.npmjs.org/@fontsource-variable/figtree/-/figtree-5.2.10.tgz"
  integrity sha512-a5Gumbpy3mdd+Yg31g6Qb7CmjYbrfyutJa3bWfP5q8A4GclIOwX7mI+ZuSHsJnw/mHvW6r9oh1AHJcJTIxK4JA==

"@fontsource-variable/inter@^5.2.8":
  version "5.2.8"
  resolved "https://registry.npmjs.org/@fontsource-variable/inter/-/inter-5.2.8.tgz"
  integrity sha512-kOfP2D+ykbcX/P3IFnokOhVRNoTozo5/JxhAIVYLpea/UBmCQ/YWPBfWIDuBImXX/15KH+eKh4xpEUyS2sQQGQ==

"@fontsource-variable/jetbrains-mono@^5.2.5":
  version "5.2.8"
  resolved "https://registry.npmjs.org/@fontsource-variable/jetbrains-mono/-/jetbrains-mono-5.2.8.tgz"
  integrity sha512-WBA9elru6Jdp5df2mES55wuOO0WIrn3kpXnI4+W2ek5u3ZgLS9XS4gmIlcQhiZOWEKl95meYdvK7xI+ETLCq/Q==

"@fontsource-variable/lora@^5.2.8":
  version "5.2.8"
  resolved "https://registry.npmjs.org/@fontsource-variable/lora/-/lora-5.2.8.tgz"
  integrity sha512-cxjTJ9BbOWIzusewR4UMBLVePvTSWV6dtNaNsCkF/oKoyA68fJGWfaYCILOOP1BObE4dmjfZ3xo6m9hdHhtYhg==

"@fontsource-variable/montserrat@^5.2.8":
  version "5.2.8"
  resolved "https://registry.npmjs.org/@fontsource-variable/montserrat/-/montserrat-5.2.8.tgz"
  integrity sha512-d8wykq7GCKhEOlLwEuQIOK3w3qsXNxwDlH0meru4AZZzQ4/+rZyvHWKL6BBtHdmbovSHEEQDkwkD8qYUKlcFtQ==

"@fontsource-variable/nunito@^5.2.7":
  version "5.2.7"
  resolved "https://registry.npmjs.org/@fontsource-variable/nunito/-/nunito-5.2.7.tgz"
  integrity sha512-2N8QhatkyKgSUbAGZO2FYLioxA32+RyI1EplVLawbpkGjUeui9Qg9VMrpkCaik1ydjFjfLV+kzQ0cGEsMrMenQ==

"@fontsource-variable/playfair-display@^5.2.8":
  version "5.2.8"
  resolved "https://registry.npmjs.org/@fontsource-variable/playfair-display/-/playfair-display-5.2.8.tgz"
  integrity sha512-ZzVIXPOrL85yyOvZYoBzUszIJM+xKkHqni4IYn2CVLaGQQdJR8sBeC8yFNgjxSJ7ludTwta8qpULeOFuk5X75A==

"@img/colour@^1.0.0":
  version "1.1.0"
  resolved "https://registry.npmjs.org/@img/colour/-/colour-1.1.0.tgz"
  integrity sha512-Td76q7j57o/tLVdgS746cYARfSyxk8iEfRxewL9h4OMzYhbW4TAcppl0mT4eyqXddh6L/jwoM75mo7ixa/pCeQ==

"@img/sharp-darwin-arm64@0.34.5":
  version "0.34.5"
  resolved "https://registry.npmjs.org/@img/sharp-darwin-arm64/-/sharp-darwin-arm64-0.34.5.tgz"
  integrity sha512-imtQ3WMJXbMY4fxb/Ndp6HBTNVtWCUI0WdobyheGf5+ad6xX8VIDO8u2xE4qc/fr08CKG/7dDseFtn6M6g/r3w==
  optionalDependencies:
    "@img/sharp-libvips-darwin-arm64" "1.2.4"

"@img/sharp-libvips-darwin-arm64@1.2.4":
  version "1.2.4"
  resolved "https://registry.npmjs.org/@img/sharp-libvips-darwin-arm64/-/sharp-libvips-darwin-arm64-1.2.4.tgz"
  integrity sha512-zqjjo7RatFfFoP0MkQ51jfuFZBnVE2pRiaydKJ1G/rHZvnsrHAOcQALIi9sA5co5xenQdTugCvtb1cuf78Vf4g==

"@jridgewell/gen-mapping@^0.3.5":
  version "0.3.13"
  resolved "https://registry.npmjs.org/@jridgewell/gen-mapping/-/gen-mapping-0.3.13.tgz"
  integrity sha512-2kkt/7niJ6MgEPxF0bYdQ6etZaA+fQvDcLKckhy1yIQOzaoKjBBjSj63/aLVjYE3qhRt5dvM+uUyfCg6UKCBbA==
  dependencies:
    "@jridgewell/sourcemap-codec" "^1.5.0"
    "@jridgewell/trace-mapping" "^0.3.24"

"@jridgewell/remapping@^2.3.5":
  version "2.3.5"
  resolved "https://registry.npmjs.org/@jridgewell/remapping/-/remapping-2.3.5.tgz"
  integrity sha512-LI9u/+laYG4Ds1TDKSJW2YPrIlcVYOwi2fUC6xB43lueCjgxV4lffOCZCtYFiH6TNOX+tQKXx97T4IKHbhyHEQ==
  dependencies:
    "@jridgewell/gen-mapping" "^0.3.5"
    "@jridgewell/trace-mapping" "^0.3.24"

"@jridgewell/resolve-uri@^3.1.0":
  version "3.1.2"
  resolved "https://registry.npmjs.org/@jridgewell/resolve-uri/-/resolve-uri-3.1.2.tgz"
  integrity sha512-bRISgCIjP20/tbWSPWMEi54QVPRZExkuD9lJL+UIxUKtwVJA8wW1Trb1jMs1RFXo1CBTNZ/5hpC9QvmKWdopKw==

"@jridgewell/sourcemap-codec@^1.4.14", "@jridgewell/sourcemap-codec@^1.5.0", "@jridgewell/sourcemap-codec@^1.5.5":
  version "1.5.5"
  resolved "https://registry.npmjs.org/@jridgewell/sourcemap-codec/-/sourcemap-codec-1.5.5.tgz"
  integrity sha512-cYQ9310grqxueWbl+WuIUIaiUaDcj7WOq5fVhEljNVgRfOUhY9fy2zTvfoqWsnebh8Sl70VScFbICvJnLKB0Og==

"@jridgewell/trace-mapping@^0.3.24":
  version "0.3.31"
  resolved "https://registry.npmjs.org/@jridgewell/trace-mapping/-/trace-mapping-0.3.31.tgz"
  integrity sha512-zzNR+SdQSDJzc8joaeP8QQoCQr8NuYx2dIIytl1QeBEZHJ9uW6hebsrYgbz8hJwUQao3TWCMtmfV8Nu1twOLAw==
  dependencies:
    "@jridgewell/resolve-uri" "^3.1.0"
    "@jridgewell/sourcemap-codec" "^1.4.14"

"@next/env@15.5.20":
  version "15.5.20"
  resolved "https://registry.npmjs.org/@next/env/-/env-15.5.20.tgz"
  integrity sha512-dXh51Wvddf8daEyBXryZZEe1FdVxEWx9lgaTseLZUtC1XP/W8Wri+Z+VPOElHlByk23CyqHdc2oVByX7wsTWsw==

"@next/swc-darwin-arm64@15.5.20":
  version "15.5.20"
  resolved "https://registry.npmjs.org/@next/swc-darwin-arm64/-/swc-darwin-arm64-15.5.20.tgz"
  integrity sha512-in0yXG7/pRBVjWeEl7f7ZZETpletSMFKXVS4GJgHENTPVrJFNJKPrYewa9rpZcvdjwFece5fZP0CK34G4PxowA==

"@nodable/entities@^2.2.0":
  version "2.2.0"
  resolved "https://registry.npmjs.org/@nodable/entities/-/entities-2.2.0.tgz"
  integrity sha512-9uGyhaQavEUMC8AIddIjau4NsnsXhou+j5sBAGojCM1oxmQpVKTWR/9JxABD6UAv12vpIms55fPZKFQEhG6uBg==

"@swc/helpers@0.5.15":
  version "0.5.15"
  resolved "https://registry.npmjs.org/@swc/helpers/-/helpers-0.5.15.tgz"
  integrity sha512-JQ5TuMi45Owi4/BIMAJBoSQoOJu12oOk/gADqlcUL9JEdHB8vyjUSsxqeNXnmXHjYKMi2WcYtezGEEhqUI/E2g==
  dependencies:
    tslib "^2.8.0"

"@tailwindcss/node@4.3.2":
  version "4.3.2"
  resolved "https://registry.npmjs.org/@tailwindcss/node/-/node-4.3.2.tgz"
  integrity sha512-yWP/sqEcBLaD8JuA6zNwxoYKr75qxTioYwlRwekj5Jr/I5GXnoJfjetH/psLUIv74cYTH2lBUEzBkinthoYcBg==
  dependencies:
    "@jridgewell/remapping" "^2.3.5"
    enhanced-resolve "5.21.6"
    jiti "^2.7.0"
    lightningcss "1.32.0"
    magic-string "^0.30.21"
    source-map-js "^1.2.1"
    tailwindcss "4.3.2"

"@tailwindcss/oxide-darwin-arm64@4.3.2":
  version "4.3.2"
  resolved "https://registry.npmjs.org/@tailwindcss/oxide-darwin-arm64/-/oxide-darwin-arm64-4.3.2.tgz"
  integrity sha512-GZypeUY/IDJW3877KeM+O67vbXr3MBnbtEL4aYhNErv/JWZhye2vGSWWG9tB6iiqR2MqRNkY8IOUy4NdSZV26w==

"@tailwindcss/oxide@4.3.2":
  version "4.3.2"
  resolved "https://registry.npmjs.org/@tailwindcss/oxide/-/oxide-4.3.2.tgz"
  integrity sha512-z8ZgnzX8gdNoWLBLqBPoh/sjnxkwvf9ZuWjnO0l0yIzbLa5/9S+eC5QxGZKRobVHIC3/1BoMWjHblqWjcgFgag==
  optionalDependencies:
    "@tailwindcss/oxide-android-arm64" "4.3.2"
    "@tailwindcss/oxide-darwin-arm64" "4.3.2"
    "@tailwindcss/oxide-darwin-x64" "4.3.2"
    "@tailwindcss/oxide-freebsd-x64" "4.3.2"
    "@tailwindcss/oxide-linux-arm-gnueabihf" "4.3.2"
    "@tailwindcss/oxide-linux-arm64-gnu" "4.3.2"
    "@tailwindcss/oxide-linux-arm64-musl" "4.3.2"
    "@tailwindcss/oxide-linux-x64-gnu" "4.3.2"
    "@tailwindcss/oxide-linux-x64-musl" "4.3.2"
    "@tailwindcss/oxide-wasm32-wasi" "4.3.2"
    "@tailwindcss/oxide-win32-arm64-msvc" "4.3.2"
    "@tailwindcss/oxide-win32-x64-msvc" "4.3.2"

"@tailwindcss/postcss@^4.1.8":
  version "4.3.2"
  resolved "https://registry.npmjs.org/@tailwindcss/postcss/-/postcss-4.3.2.tgz"
  integrity sha512-rjVWYCa7Ngbi5AarT6k8TkxUG3Wl1QKzHdIZVsjZSzf36Jmo2IKZt/NHRAwly8oDkbBOH0YTu+CHuf9jPxMc+g==
  dependencies:
    "@alloc/quick-lru" "^5.2.0"
    "@tailwindcss/node" "4.3.2"
    "@tailwindcss/oxide" "4.3.2"
    postcss "^8.5.15"
    tailwindcss "4.3.2"

"@types/node@*", "@types/node@^22.15.0":
  version "22.20.0"
  resolved "https://registry.npmjs.org/@types/node/-/node-22.20.0.tgz"
  integrity sha512-QWlFW2wf3nTjC13/DqRnBpR4ZO36VJH/JVBkA/vcnmbTBNQIlnObqyqZE1tUR7+Ni23Lda8R1BxMfbXRpCUx5g==
  dependencies:
    undici-types "~6.21.0"

"@types/qrcode@^1.5.6":
  version "1.5.6"
  resolved "https://registry.npmjs.org/@types/qrcode/-/qrcode-1.5.6.tgz"
  integrity sha512-te7NQcV2BOvdj2b1hCAHzAoMNuj65kNBMz0KBaxM6c3VGBOhU0dURQKOtH8CFNI/dsKkwlv32p26qYQTWoB5bw==
  dependencies:
    "@types/node" "*"

"@types/react-dom@^19.1.0":
  version "19.2.3"
  resolved "https://registry.npmjs.org/@types/react-dom/-/react-dom-19.2.3.tgz"
  integrity sha512-jp2L/eY6fn+KgVVQAOqYItbF0VY/YApe5Mz2F0aykSO8gx31bYCZyvSeYxCHKvzHG5eZjc+zyaS5BrBWya2+kQ==

"@types/react@^19.1.0", "@types/react@^19.2.0":
  version "19.2.17"
  resolved "https://registry.npmjs.org/@types/react/-/react-19.2.17.tgz"
  integrity sha512-MXfmqaVPEVgkBT/aY0aGCkRWWtByiYQXo3xdQ8r5RzuFrPiRn8Gar2tQdXSUQ2GKV3bkXckek89V8wQBY2Q/Aw==
  dependencies:
    csstype "^3.2.2"

"@vercel/analytics@^2.0.1":
  version "2.0.1"
  resolved "https://registry.npmjs.org/@vercel/analytics/-/analytics-2.0.1.tgz"
  integrity sha512-MTQG6V9qQrt1tsDeF+2Uoo5aPjqbVPys1xvnIftXSJYG2SrwXRHnqEvVoYID7BTruDz4lCd2Z7rM1BdkUehk2g==

ansi-regex@^5.0.1:
  version "5.0.1"
  resolved "https://registry.npmjs.org/ansi-regex/-/ansi-regex-5.0.1.tgz"
  integrity sha512-quJQXlTSUGL2LH9SUXo8VwsY4soanhgo6LNSm84E1LBcE8s3O0wpdiRzyR9z/ZZJMlMWv37qOOb9pdJlMUEKFQ==

ansi-styles@^4.0.0:
  version "4.3.0"
  resolved "https://registry.npmjs.org/ansi-styles/-/ansi-styles-4.3.0.tgz"
  integrity sha512-zbB9rCJAT1rbjiVDb2hqKFHNYLxgtk8NURxZ3IZwD3F6NtxbXZQCnnSi1Lkx+IDohdPlFp222wVALIheZJQSEg==
  dependencies:
    color-convert "^2.0.1"

anynum@^1.0.1:
  version "1.0.1"
  resolved "https://registry.npmjs.org/anynum/-/anynum-1.0.1.tgz"
  integrity sha512-N6//FLET/tXYNM/F6ABca1oH6fWB+KlTt909Le28WMDBk8oaT4vY17DCrwg2MvmuqUKt3Ni4N5dGJ/EoBgcO6A==

async@^3.2.4:
  version "3.2.6"
  resolved "https://registry.npmjs.org/async/-/async-3.2.6.tgz"
  integrity sha512-htCUDlxyyCLMgaM3xXg0C0LW2xqfuQ6p05pCEIsXuyQ+a1koYKTuBMzRNwmybfLgvJDMd0r1LTn4+E0Ti6C2AA==

block-stream2@^2.1.0:
  version "2.1.0"
  resolved "https://registry.npmjs.org/block-stream2/-/block-stream2-2.1.0.tgz"
  integrity sha512-suhjmLI57Ewpmq00qaygS8UgEq2ly2PCItenIyhMqVjo4t4pGzqMvfgJuX8iWTeSDdfSSqS6j38fL4ToNL7Pfg==
  dependencies:
    readable-stream "^3.4.0"

browser-or-node@^2.1.1:
  version "2.1.1"
  resolved "https://registry.npmjs.org/browser-or-node/-/browser-or-node-2.1.1.tgz"
  integrity sha512-8CVjaLJGuSKMVTxJ2DpBl5XnlNDiT4cQFeuCJJrvJmts9YrTZDizTX7PjC2s6W4x+MBGZeEY6dGMrF04/6Hgqg==

buffer-crc32@^1.0.0:
  version "1.0.0"
  resolved "https://registry.npmjs.org/buffer-crc32/-/buffer-crc32-1.0.0.tgz"
  integrity sha512-Db1SbgBS/fg/392AblrMJk97KggmvYhr4pB5ZIMTWtaivCPMWLkmb7m21cJvpvgK+J3nsU2CmmixNBZx4vFj/w==

camelcase@^5.0.0:
  version "5.3.1"
  resolved "https://registry.npmjs.org/camelcase/-/camelcase-5.3.1.tgz"
  integrity sha512-L28STB170nwWS63UjtlEOE3dldQApaJXZkOI1uMFfzf3rRuPegHaHesyee+YxQ+W6SvRDQV6UrdOdRiR153wJg==

caniuse-lite@^1.0.30001579:
  version "1.0.30001800"
  resolved "https://registry.npmjs.org/caniuse-lite/-/caniuse-lite-1.0.30001800.tgz"
  integrity sha512-MMHtuAz9Ys840zAY5F4k6fV5GaivZ9sPk+nz0mY+GYVzRBnYkN0mpqkSR92oWRQ19yQWo4HvBV/FnC16AJX8MA==

client-only@0.0.1:
  version "0.0.1"
  resolved "https://registry.npmjs.org/client-only/-/client-only-0.0.1.tgz"
  integrity sha512-IV3Ou0jSMzZrd3pZ48nLkT9DA7Ag1pnPzaiQhpW7c3RbcqqzvzzVu+L8gfqMp/8IM2MQtSiqaCxrrcfu8I8rMA==

cliui@^6.0.0:
  version "6.0.0"
  resolved "https://registry.npmjs.org/cliui/-/cliui-6.0.0.tgz"
  integrity sha512-t6wbgtoCXvAzst7QgXxJYqPt0usEfbgQdftEPbLL/cvv6HPE5VgvqCuAIDR0NgU52ds6rFwqrgakNLrHEjCbrQ==
  dependencies:
    string-width "^4.2.0"
    strip-ansi "^6.0.0"
    wrap-ansi "^6.2.0"

color-convert@^2.0.1:
  version "2.0.1"
  resolved "https://registry.npmjs.org/color-convert/-/color-convert-2.0.1.tgz"
  integrity sha512-RRECPsj7iu/xb5oKYcsFHSppFNnsj/52OVTRKb4zP5onXwVF3zVmmToNcOfGC+CRDpfK/U584fMg38ZHCaElKQ==
  dependencies:
    color-name "~1.1.4"

color-name@~1.1.4:
  version "1.1.4"
  resolved "https://registry.npmjs.org/color-name/-/color-name-1.1.4.tgz"
  integrity sha512-dOy+3AuW3a2wNbZHIuMZpTcgjGuLU/uBL/ubcZF9OXbDo8ff4O8yVp5Bf0efS8uEoYo5q4Fx7dY9OgQGXgAsQA==

csstype@^3.2.2:
  version "3.2.3"
  resolved "https://registry.npmjs.org/csstype/-/csstype-3.2.3.tgz"
  integrity sha512-z1HGKcYy2xA8AGQfwrn0PAy+PB7X/GSj3UVJW9qKyn43xWa+gl5nXmU4qqLMRzWVLFC8KusUX8T/0kCiOYpAIQ==

decamelize@^1.2.0:
  version "1.2.0"
  resolved "https://registry.npmjs.org/decamelize/-/decamelize-1.2.0.tgz"
  integrity sha512-z2S+W9X73hAUUki+N+9Za2lBlun89zigOyGrsax+KUQ6wKW4ZoWpEYBkGhQjwAjjDCkWxhY0VKEhk8wzY7F5cA==

decode-uri-component@^0.2.2:
  version "0.2.2"
  resolved "https://registry.npmjs.org/decode-uri-component/-/decode-uri-component-0.2.2.tgz"
  integrity sha512-FqUYQ+8o158GyGTrMFJms9qh3CqTKvAqgqsTnkLI8sKu0028orqBhxNMFkFen0zGyg6epACD32pjVk58ngIErQ==

detect-libc@^2.0.3, detect-libc@^2.1.2:
  version "2.1.2"
  resolved "https://registry.npmjs.org/detect-libc/-/detect-libc-2.1.2.tgz"
  integrity sha512-Btj2BOOO83o3WyH59e8MgXsxEQVcarkUOpEYrubB0urwnN10yQ364rsiByU11nZlqWYZm05i/of7io4mzihBtQ==

dijkstrajs@^1.0.1:
  version "1.0.3"
  resolved "https://registry.npmjs.org/dijkstrajs/-/dijkstrajs-1.0.3.tgz"
  integrity sha512-qiSlmBq9+BCdCA/L46dw8Uy93mloxsPSbwnm5yrKn2vMPiy8KyAskTF6zuV/j5BMsmOGZDPs7KjU+mjb670kfA==

emoji-regex@^8.0.0:
  version "8.0.0"
  resolved "https://registry.npmjs.org/emoji-regex/-/emoji-regex-8.0.0.tgz"
  integrity sha512-MSjYzcWNOA0ewAHpz0MxpYFvwg6yjy1NG3xteoqz644VCo/RPgnr1/GGt+ic3iJTzQ8Eu3TdM14SawnVUmGE6A==

enhanced-resolve@5.21.6:
  version "5.21.6"
  resolved "https://registry.npmjs.org/enhanced-resolve/-/enhanced-resolve-5.21.6.tgz"
  integrity sha512-aNnGCvbJ/RIyWo1IuhNdVjnNF+EjH9wpzpNHt+ci/m9He9LJvUN8wrCcXjp9cWsGNAuvSpVFTx/vraAFQ8qGjQ==
  dependencies:
    graceful-fs "^4.2.4"
    tapable "^2.3.3"

eventemitter3@^5.0.1:
  version "5.0.4"
  resolved "https://registry.npmjs.org/eventemitter3/-/eventemitter3-5.0.4.tgz"
  integrity sha512-mlsTRyGaPBjPedk6Bvw+aqbsXDtoAyAzm5MO7JgU+yVRyMQ5O8bD4Kcci7BS85f93veegeCPkL8R4GLClnjLFw==

fast-xml-builder@^1.2.0:
  version "1.2.1"
  resolved "https://registry.npmjs.org/fast-xml-builder/-/fast-xml-builder-1.2.1.tgz"
  integrity sha512-tPb5TTWfgfVx5BNSi2xV0eLr89POeXXn0dXIsCJ9m1narrWxeIyx6je9d7Rce/3NyXLbvuQmLkxq+RuxMWejvw==
  dependencies:
    path-expression-matcher "^1.5.0"
    xml-naming "^0.1.0"

fast-xml-parser@^5.3.4:
  version "5.9.3"
  resolved "https://registry.npmjs.org/fast-xml-parser/-/fast-xml-parser-5.9.3.tgz"
  integrity sha512-brCNCeScma/kqa54J4PIDriSSSLssRkuYaUCpvHJulGc3HGI/xxKUCTDcYkAdqJsyb//ydpbxecjC3hB9+tb/g==
  dependencies:
    "@nodable/entities" "^2.2.0"
    fast-xml-builder "^1.2.0"
    is-unsafe "^1.0.1"
    path-expression-matcher "^1.5.0"
    strnum "^2.4.1"
    xml-naming "^0.1.0"

filter-obj@^1.1.0:
  version "1.1.0"
  resolved "https://registry.npmjs.org/filter-obj/-/filter-obj-1.1.0.tgz"
  integrity sha512-8rXg1ZnX7xzy2NGDVkBVaAy+lSlPNwad13BtgSlLuxfIslyt5Vg64U7tFcCt4WS1R0hvtnQybT/IyCkGZ3DpXQ==

find-up@^4.1.0:
  version "4.1.0"
  resolved "https://registry.npmjs.org/find-up/-/find-up-4.1.0.tgz"
  integrity sha512-PpOwAdQ/YlXQ2vj8a3h8IipDuYRi3wceVQQGYWxNINccq40Anw7BlsEXCMbt1Zt+OLA6Fq9suIpIWD0OsnISlw==
  dependencies:
    locate-path "^5.0.0"
    path-exists "^4.0.0"

get-caller-file@^2.0.1:
  version "2.0.5"
  resolved "https://registry.npmjs.org/get-caller-file/-/get-caller-file-2.0.5.tgz"
  integrity sha512-DyFP3BM/3YHTQOCUL/w0OZHR0lpKeGrxotcHWcqNEdnltqFwXVfhEBQ94eIo34AfQpo0rGki4cyIiftY06h2Fg==

graceful-fs@^4.2.4:
  version "4.2.11"
  resolved "https://registry.npmjs.org/graceful-fs/-/graceful-fs-4.2.11.tgz"
  integrity sha512-RbJ5/jmFcNNCcDV5o9eTnBLJ/HszWV0P73bc+Ff4nS/rJj+YaS6IGyiOL0VoBYX+l1Wrl3k63h/KrH+nhJ0XvQ==

inherits@^2.0.3:
  version "2.0.4"
  resolved "https://registry.npmjs.org/inherits/-/inherits-2.0.4.tgz"
  integrity sha512-k/vGaX4/Yla3WzyMCvTQOXYeIHvqOKtnqBduzTHpzpQZzAskKMhZ2K+EnBiSM9zGSoIFeMpXKxa4dYeZIQqewQ==

ipaddr.js@^2.0.1:
  version "2.4.0"
  resolved "https://registry.npmjs.org/ipaddr.js/-/ipaddr.js-2.4.0.tgz"
  integrity sha512-9VGk3HGanVE6JoZXHiCpnGy5X0jYDnN4EA4lntFPj+1vIWlFhIylq2CrrCOJH9EAhc5CYhq18F2Av2tgoAPsYQ==

is-fullwidth-code-point@^3.0.0:
  version "3.0.0"
  resolved "https://registry.npmjs.org/is-fullwidth-code-point/-/is-fullwidth-code-point-3.0.0.tgz"
  integrity sha512-zymm5+u+sCsSWyD9qNaejV3DFvhCKclKdizYaJUuHA83RLjb7nSuGnddCHGv0hk+KY7BMAlsWeK4Ueg6EV6XQg==

is-unsafe@^1.0.1:
  version "1.0.1"
  resolved "https://registry.npmjs.org/is-unsafe/-/is-unsafe-1.0.1.tgz"
  integrity sha512-CLK2+VdgERgD96EYm5lUQssZYlRg2tkZnbsxZoacmSiRxiFJ4Nk4SzjCl+Ur+v3kXIY9dTIdb3IH22y1mZ56LA==

jiti@^2.7.0:
  version "2.7.0"
  resolved "https://registry.npmjs.org/jiti/-/jiti-2.7.0.tgz"
  integrity sha512-AC/7JofJvZGrrneWNaEnJeOLUx+JlGt7tNa0wZiRPT4MY1wmfKjt2+6O2p2uz2+skll8OZZmJMNqeke7kKbNgQ==

lightningcss-darwin-arm64@1.32.0:
  version "1.32.0"
  resolved "https://registry.npmjs.org/lightningcss-darwin-arm64/-/lightningcss-darwin-arm64-1.32.0.tgz"
  integrity sha512-RzeG9Ju5bag2Bv1/lwlVJvBE3q6TtXskdZLLCyfg5pt+HLz9BqlICO7LZM7VHNTTn/5PRhHFBSjk5lc4cmscPQ==

lightningcss@1.32.0:
  version "1.32.0"
  resolved "https://registry.npmjs.org/lightningcss/-/lightningcss-1.32.0.tgz"
  integrity sha512-NXYBzinNrblfraPGyrbPoD19C1h9lfI/1mzgWYvXUTe414Gz/X1FD2XBZSZM7rRTrMA8JL3OtAaGifrIKhQ5yQ==
  dependencies:
    detect-libc "^2.0.3"
  optionalDependencies:
    lightningcss-android-arm64 "1.32.0"
    lightningcss-darwin-arm64 "1.32.0"
    lightningcss-darwin-x64 "1.32.0"
    lightningcss-freebsd-x64 "1.32.0"
    lightningcss-linux-arm-gnueabihf "1.32.0"
    lightningcss-linux-arm64-gnu "1.32.0"
    lightningcss-linux-arm64-musl "1.32.0"
    lightningcss-linux-x64-gnu "1.32.0"
    lightningcss-linux-x64-musl "1.32.0"
    lightningcss-win32-arm64-msvc "1.32.0"
    lightningcss-win32-x64-msvc "1.32.0"

locate-path@^5.0.0:
  version "5.0.0"
  resolved "https://registry.npmjs.org/locate-path/-/locate-path-5.0.0.tgz"
  integrity sha512-t7hw9pI+WvuwNJXwk5zVHpyhIqzg2qTlklJOf0mVxGSbe3Fp2VieZcduNYjaLDoy6p9uGpQEGWG87WpMKlNq8g==
  dependencies:
    p-locate "^4.1.0"

lodash@^4.17.21:
  version "4.18.1"
  resolved "https://registry.npmjs.org/lodash/-/lodash-4.18.1.tgz"
  integrity sha512-dMInicTPVE8d1e5otfwmmjlxkZoUpiVLwyeTdUsi/Caj/gfzzblBcCE5sRHV/AsjuCmxWrte2TNGSYuCeCq+0Q==

magic-string@^0.30.21:
  version "0.30.21"
  resolved "https://registry.npmjs.org/magic-string/-/magic-string-0.30.21.tgz"
  integrity sha512-vd2F4YUyEXKGcLHoq+TEyCjxueSeHnFxyyjNp80yg0XV4vUhnDer/lvvlqM/arB5bXQN5K2/3oinyCRyx8T2CQ==
  dependencies:
    "@jridgewell/sourcemap-codec" "^1.5.5"

mime-db@1.52.0:
  version "1.52.0"
  resolved "https://registry.npmjs.org/mime-db/-/mime-db-1.52.0.tgz"
  integrity sha512-sPU4uV7dYlvtWJxwwxHD0PuihVNiE7TyAbQ5SWxDCB9mUYvOgroQOwYQQOKPJ8CIbE+1ETVlOoK1UC2nU3gYvg==

mime-types@^2.1.35:
  version "2.1.35"
  resolved "https://registry.npmjs.org/mime-types/-/mime-types-2.1.35.tgz"
  integrity sha512-ZDY+bPm5zTTF+YpCrAU9nK0UgICYPT0QtT1NZWFv4s++TNkcgVaT0g6+4R2uI4MjQjzysHB1zxuWL50hzaeXiw==
  dependencies:
    mime-db "1.52.0"

minio@^8.0.7:
  version "8.0.7"
  resolved "https://registry.npmjs.org/minio/-/minio-8.0.7.tgz"
  integrity sha512-E737MgufW8CeQAsTAtnEMrxZ9scMSf29kkhZoXzDTKj/Jszzo2SfeZUH9wbDQH2Rsq6TCtl/yQL0+XdVKZansQ==
  dependencies:
    async "^3.2.4"
    block-stream2 "^2.1.0"
    browser-or-node "^2.1.1"
    buffer-crc32 "^1.0.0"
    eventemitter3 "^5.0.1"
    fast-xml-parser "^5.3.4"
    ipaddr.js "^2.0.1"
    lodash "^4.17.21"
    mime-types "^2.1.35"
    query-string "^7.1.3"
    stream-json "^1.8.0"
    through2 "^4.0.2"
    xml2js "^0.5.0 || ^0.6.2"

nanoid@^3.3.12, nanoid@^3.3.6:
  version "3.3.15"
  resolved "https://registry.npmjs.org/nanoid/-/nanoid-3.3.15.tgz"
  integrity sha512-y7Wygv/7mEOvxTuEQDB8StXdMRBWf1kR/tlhAzBRUFkB2jfcLOAxO/SHmOO2zgz1pVgK29/kyupn059/bCHdjA==

next@^15.3.3, "next@>= 13":
  version "15.5.20"
  resolved "https://registry.npmjs.org/next/-/next-15.5.20.tgz"
  integrity sha512-cvyS3/geydan1xLtE3FA8VCgdoQ/Gg/dlOldFkFCbB5VcVYJV7090hQLBnvTW2PwT76Z/dHdzDZCsVhZpoOlUA==
  dependencies:
    "@next/env" "15.5.20"
    "@swc/helpers" "0.5.15"
    caniuse-lite "^1.0.30001579"
    postcss "8.4.31"
    styled-jsx "5.1.6"
  optionalDependencies:
    "@next/swc-darwin-arm64" "15.5.20"
    "@next/swc-darwin-x64" "15.5.20"
    "@next/swc-linux-arm64-gnu" "15.5.20"
    "@next/swc-linux-arm64-musl" "15.5.20"
    "@next/swc-linux-x64-gnu" "15.5.20"
    "@next/swc-linux-x64-musl" "15.5.20"
    "@next/swc-win32-arm64-msvc" "15.5.20"
    "@next/swc-win32-x64-msvc" "15.5.20"
    sharp "^0.34.3"

p-limit@^2.2.0:
  version "2.3.0"
  resolved "https://registry.npmjs.org/p-limit/-/p-limit-2.3.0.tgz"
  integrity sha512-//88mFWSJx8lxCzwdAABTJL2MyWB12+eIY7MDL2SqLmAkeKU9qxRvWuSyTjm3FUmpBEMuFfckAIqEaVGUDxb6w==
  dependencies:
    p-try "^2.0.0"

p-locate@^4.1.0:
  version "4.1.0"
  resolved "https://registry.npmjs.org/p-locate/-/p-locate-4.1.0.tgz"
  integrity sha512-R79ZZ/0wAxKGu3oYMlz8jy/kbhsNrS7SKZ7PxEHBgJ5+F2mtFW2fK2cOtBh1cHYkQsbzFV7I+EoRKe6Yt0oK7A==
  dependencies:
    p-limit "^2.2.0"

p-try@^2.0.0:
  version "2.2.0"
  resolved "https://registry.npmjs.org/p-try/-/p-try-2.2.0.tgz"
  integrity sha512-R4nPAVTAU0B9D35/Gk3uJf/7XYbQcyohSKdvAxIRSNghFl4e71hVoGnBNQz9cWaXxO2I10KTC+3jMdvvoKw6dQ==

path-exists@^4.0.0:
  version "4.0.0"
  resolved "https://registry.npmjs.org/path-exists/-/path-exists-4.0.0.tgz"
  integrity sha512-ak9Qy5Q7jYb2Wwcey5Fpvg2KoAc/ZIhLSLOSBmRmygPsGwkVVt0fZa0qrtMz+m6tJTAHfZQ8FnmB4MG4LWy7/w==

path-expression-matcher@^1.5.0:
  version "1.6.1"
  resolved "https://registry.npmjs.org/path-expression-matcher/-/path-expression-matcher-1.6.1.tgz"
  integrity sha512-h7bxdzhHk8Knyc4Tj+jMaa7fEEoUJy7p1qtbVgkYg1Uhpe5Np5VuGXCRZnkZvU+Q42M1vStt0ifa3ueykRJPmQ==

picocolors@^1.0.0, picocolors@^1.1.1:
  version "1.1.1"
  resolved "https://registry.npmjs.org/picocolors/-/picocolors-1.1.1.tgz"
  integrity sha512-xceH2snhtb5M9liqDsmEw56le376mTZkEX/jEb/RxNFyegNul7eNslCXP9FDj/Lcu0X8KEyMceP2ntpaHrDEVA==

pngjs@^5.0.0:
  version "5.0.0"
  resolved "https://registry.npmjs.org/pngjs/-/pngjs-5.0.0.tgz"
  integrity sha512-40QW5YalBNfQo5yRYmiw7Yz6TKKVr3h6970B2YE+3fQpsWcrbj1PzJgxeJ19DRQjhMbKPIuMY8rFaXc8moolVw==

pocketbase@^0.25.2:
  version "0.25.2"
  resolved "https://registry.npmjs.org/pocketbase/-/pocketbase-0.25.2.tgz"
  integrity sha512-ONZl1+qHJMnhR2uacBlBJ90lm7njtL/zy0606+1ROfK9hSL4LRBRc8r89rMcNRzPzRqCNyoFTh2Qg/lYXdEC1w==

postcss@^8.5.15:
  version "8.5.16"
  resolved "https://registry.npmjs.org/postcss/-/postcss-8.5.16.tgz"
  integrity sha512-vuwillviilfKZsg0VGj5R/YwwcHx4SLsIOI/7K6mQkWx+l5cUHTjj5g0AasTBcyXsbfTgrwsUNmVUb5xVwyPwg==
  dependencies:
    nanoid "^3.3.12"
    picocolors "^1.1.1"
    source-map-js "^1.2.1"

postcss@8.4.31:
  version "8.4.31"
  resolved "https://registry.npmjs.org/postcss/-/postcss-8.4.31.tgz"
  integrity sha512-PS08Iboia9mts/2ygV3eLpY5ghnUcfLV/EXTOW1E2qYxJKGGBUtNjN76FYHnMs36RmARn41bC0AZmn+rR0OVpQ==
  dependencies:
    nanoid "^3.3.6"
    picocolors "^1.0.0"
    source-map-js "^1.0.2"

qrcode@^1.5.4:
  version "1.5.4"
  resolved "https://registry.npmjs.org/qrcode/-/qrcode-1.5.4.tgz"
  integrity sha512-1ca71Zgiu6ORjHqFBDpnSMTR2ReToX4l1Au1VFLyVeBTFavzQnv5JxMFr3ukHVKpSrSA2MCk0lNJSykjUfz7Zg==
  dependencies:
    dijkstrajs "^1.0.1"
    pngjs "^5.0.0"
    yargs "^15.3.1"

query-string@^7.1.3:
  version "7.1.3"
  resolved "https://registry.npmjs.org/query-string/-/query-string-7.1.3.tgz"
  integrity sha512-hh2WYhq4fi8+b+/2Kg9CEge4fDPvHS534aOOvOZeQ3+Vf2mCFsaFBYj0i+iXcAq6I9Vzp5fjMFBlONvayDC1qg==
  dependencies:
    decode-uri-component "^0.2.2"
    filter-obj "^1.1.0"
    split-on-first "^1.0.0"
    strict-uri-encode "^2.0.0"

"react-dom@^18.2.0 || 19.0.0-rc-de68d2f4-20241204 || ^19.0.0", react-dom@^19.1.0:
  version "19.2.7"
  resolved "https://registry.npmjs.org/react-dom/-/react-dom-19.2.7.tgz"
  integrity sha512-t0BRVXvbiE/o20Hfw669rLbMCDWtYZLvmJigy2f0MxsXF+71pxhR3xOkspmsO8h3ZlNzyibAmtCa3l4lYKk6gQ==
  dependencies:
    scheduler "^0.27.0"

"react@^18 || ^19 || ^19.0.0-rc", "react@^18.2.0 || 19.0.0-rc-de68d2f4-20241204 || ^19.0.0", react@^19.1.0, react@^19.2.7, "react@>= 16.8.0 || 17.x.x || ^18.0.0-0 || ^19.0.0-0":
  version "19.2.7"
  resolved "https://registry.npmjs.org/react/-/react-19.2.7.tgz"
  integrity sha512-HNe9WslTbXmFK8o8cmwgAeJFSBvt1bPdHCVKtaaV+WlAN36mpT4hcRpwbf3fY56ar2oIXzsBpOAiIRHAdY0OlQ==

readable-stream@^3.4.0, readable-stream@3:
  version "3.6.2"
  resolved "https://registry.npmjs.org/readable-stream/-/readable-stream-3.6.2.tgz"
  integrity sha512-9u/sniCrY3D5WdsERHzHE4G2YCXqoG5FTHUiCC4SIbr6XcLZBY05ya9EKjYek9O5xOAwjGq+1JdGBAS7Q9ScoA==
  dependencies:
    inherits "^2.0.3"
    string_decoder "^1.1.1"
    util-deprecate "^1.0.1"

require-directory@^2.1.1:
  version "2.1.1"
  resolved "https://registry.npmjs.org/require-directory/-/require-directory-2.1.1.tgz"
  integrity sha512-fGxEI7+wsG9xrvdjsrlmL22OMTTiHRwAMroiEeMgq8gzoLC/PQr7RsRDSTLUg/bZAZtF+TVIkHc6/4RIKrui+Q==

require-main-filename@^2.0.0:
  version "2.0.0"
  resolved "https://registry.npmjs.org/require-main-filename/-/require-main-filename-2.0.0.tgz"
  integrity sha512-NKN5kMDylKuldxYLSUfrbo5Tuzh4hd+2E8NPPX02mZtn1VuREQToYe/ZdlJy+J3uCpfaiGF05e7B8W0iXbQHmg==

safe-buffer@~5.2.0:
  version "5.2.1"
  resolved "https://registry.npmjs.org/safe-buffer/-/safe-buffer-5.2.1.tgz"
  integrity sha512-rp3So07KcdmmKbGvgaNxQSJr7bGVSVk5S9Eq1F+ppbRo70+YeaDxkw5Dd8NPN+GD6bjnYm2VuPuCXmpuYvmCXQ==

sax@>=0.6.0:
  version "1.6.0"
  resolved "https://registry.npmjs.org/sax/-/sax-1.6.0.tgz"
  integrity sha512-6R3J5M4AcbtLUdZmRv2SygeVaM7IhrLXu9BmnOGmmACak8fiUtOsYNWUS4uK7upbmHIBbLBeFeI//477BKLBzA==

scheduler@^0.27.0:
  version "0.27.0"
  resolved "https://registry.npmjs.org/scheduler/-/scheduler-0.27.0.tgz"
  integrity sha512-eNv+WrVbKu1f3vbYJT/xtiF5syA5HPIMtf9IgY/nKg0sWqzAUEvqY/xm7OcZc/qafLx/iO9FgOmeSAp4v5ti/Q==

semver@^7.7.3:
  version "7.8.5"
  resolved "https://registry.npmjs.org/semver/-/semver-7.8.5.tgz"
  integrity sha512-Y7/KDsb8LjooZpwaqGyulO6DQlksgCncchHGk+sZIY4SBvUocMBEFH5Ur1fI4dV+Jvl0w6cjvucaIi40puRioA==

set-blocking@^2.0.0:
  version "2.0.0"
  resolved "https://registry.npmjs.org/set-blocking/-/set-blocking-2.0.0.tgz"
  integrity sha512-KiKBS8AnWGEyLzofFfmvKwpdPzqiy16LvQfK3yv/fVH7Bj13/wl3JSR1J+rfgRE9q7xUJK4qvgS8raSOeLUehw==

sharp@^0.34.3:
  version "0.34.5"
  resolved "https://registry.npmjs.org/sharp/-/sharp-0.34.5.tgz"
  integrity sha512-Ou9I5Ft9WNcCbXrU9cMgPBcCK8LiwLqcbywW3t4oDV37n1pzpuNLsYiAV8eODnjbtQlSDwZ2cUEeQz4E54Hltg==
  dependencies:
    "@img/colour" "^1.0.0"
    detect-libc "^2.1.2"
    semver "^7.7.3"
  optionalDependencies:
    "@img/sharp-darwin-arm64" "0.34.5"
    "@img/sharp-darwin-x64" "0.34.5"
    "@img/sharp-libvips-darwin-arm64" "1.2.4"
    "@img/sharp-libvips-darwin-x64" "1.2.4"
    "@img/sharp-libvips-linux-arm" "1.2.4"
    "@img/sharp-libvips-linux-arm64" "1.2.4"
    "@img/sharp-libvips-linux-ppc64" "1.2.4"
    "@img/sharp-libvips-linux-riscv64" "1.2.4"
    "@img/sharp-libvips-linux-s390x" "1.2.4"
    "@img/sharp-libvips-linux-x64" "1.2.4"
    "@img/sharp-libvips-linuxmusl-arm64" "1.2.4"
    "@img/sharp-libvips-linuxmusl-x64" "1.2.4"
    "@img/sharp-linux-arm" "0.34.5"
    "@img/sharp-linux-arm64" "0.34.5"
    "@img/sharp-linux-ppc64" "0.34.5"
    "@img/sharp-linux-riscv64" "0.34.5"
    "@img/sharp-linux-s390x" "0.34.5"
    "@img/sharp-linux-x64" "0.34.5"
    "@img/sharp-linuxmusl-arm64" "0.34.5"
    "@img/sharp-linuxmusl-x64" "0.34.5"
    "@img/sharp-wasm32" "0.34.5"
    "@img/sharp-win32-arm64" "0.34.5"
    "@img/sharp-win32-ia32" "0.34.5"
    "@img/sharp-win32-x64" "0.34.5"

source-map-js@^1.0.2, source-map-js@^1.2.1:
  version "1.2.1"
  resolved "https://registry.npmjs.org/source-map-js/-/source-map-js-1.2.1.tgz"
  integrity sha512-UXWMKhLOwVKb728IUtQPXxfYU+usdybtUrK/8uGE8CQMvrhOpwvzDBwj0QhSL7MQc7vIsISBG8VQ8+IDQxpfQA==

split-on-first@^1.0.0:
  version "1.1.0"
  resolved "https://registry.npmjs.org/split-on-first/-/split-on-first-1.1.0.tgz"
  integrity sha512-43ZssAJaMusuKWL8sKUBQXHWOpq8d6CfN/u1p4gUzfJkM05C8rxTmYrkIPTXapZpORA6LkkzcUulJ8FqA7Uudw==

stream-chain@^2.2.5:
  version "2.2.5"
  resolved "https://registry.npmjs.org/stream-chain/-/stream-chain-2.2.5.tgz"
  integrity sha512-1TJmBx6aSWqZ4tx7aTpBDXK0/e2hhcNSTV8+CbFJtDjbb+I1mZ8lHit0Grw9GRT+6JbIrrDd8esncgBi8aBXGA==

stream-json@^1.8.0:
  version "1.9.1"
  resolved "https://registry.npmjs.org/stream-json/-/stream-json-1.9.1.tgz"
  integrity sha512-uWkjJ+2Nt/LO9Z/JyKZbMusL8Dkh97uUBTv3AJQ74y07lVahLY4eEFsPsE97pxYBwr8nnjMAIch5eqI0gPShyw==
  dependencies:
    stream-chain "^2.2.5"

strict-uri-encode@^2.0.0:
  version "2.0.0"
  resolved "https://registry.npmjs.org/strict-uri-encode/-/strict-uri-encode-2.0.0.tgz"
  integrity sha512-QwiXZgpRcKkhTj2Scnn++4PKtWsH0kpzZ62L2R6c/LUVYv7hVnZqcg2+sMuT6R7Jusu1vviK/MFsu6kNJfWlEQ==

string_decoder@^1.1.1:
  version "1.3.0"
  resolved "https://registry.npmjs.org/string_decoder/-/string_decoder-1.3.0.tgz"
  integrity sha512-hkRX8U1WjJFd8LsDJ2yQ/wWWxaopEsABU1XfkM8A+j0+85JAGppt16cr1Whg6KIbb4okU6Mql6BOj+uup/wKeA==
  dependencies:
    safe-buffer "~5.2.0"

string-width@^4.1.0, string-width@^4.2.0:
  version "4.2.3"
  resolved "https://registry.npmjs.org/string-width/-/string-width-4.2.3.tgz"
  integrity sha512-wKyQRQpjJ0sIp62ErSZdGsjMJWsap5oRNihHhu6G7JVO/9jIB6UyevL+tXuOqrng8j/cxKTWyWUwvSTriiZz/g==
  dependencies:
    emoji-regex "^8.0.0"
    is-fullwidth-code-point "^3.0.0"
    strip-ansi "^6.0.1"

strip-ansi@^6.0.0, strip-ansi@^6.0.1:
  version "6.0.1"
  resolved "https://registry.npmjs.org/strip-ansi/-/strip-ansi-6.0.1.tgz"
  integrity sha512-Y38VPSHcqkFrCpFnQ9vuSXmquuv5oXOKpGeT6aGrr3o3Gc9AlVa6JBfUSOCnbxGGZF+/0ooI7KrPuUSztUdU5A==
  dependencies:
    ansi-regex "^5.0.1"

strnum@^2.4.1:
  version "2.4.1"
  resolved "https://registry.npmjs.org/strnum/-/strnum-2.4.1.tgz"
  integrity sha512-M9eUSMT2dCB2cTNPG7UYj6KuK7RJR2SN2+yCV/fTW3xzTCS6EaGZ5pSMgDIjB7r8zSfTGk+dvvn9rTjpVS9Mwg==
  dependencies:
    anynum "^1.0.1"

styled-jsx@5.1.6:
  version "5.1.6"
  resolved "https://registry.npmjs.org/styled-jsx/-/styled-jsx-5.1.6.tgz"
  integrity sha512-qSVyDTeMotdvQYoHWLNGwRFJHC+i+ZvdBRYosOFgC+Wg1vx4frN2/RG/NA7SYqqvKNLf39P2LSRA2pu6n0XYZA==
  dependencies:
    client-only "0.0.1"

tailwindcss@^4.1.8, tailwindcss@4.3.2:
  version "4.3.2"
  resolved "https://registry.npmjs.org/tailwindcss/-/tailwindcss-4.3.2.tgz"
  integrity sha512-WtctNNSH8A9jlMIqxzuYumOHU5uGZyRv0Q5svQl+oEPy5w84YpBxdb7MdqyiSPQge5jTJ6zFQLq0PFygdccSBA==

tapable@^2.3.3:
  version "2.3.3"
  resolved "https://registry.npmjs.org/tapable/-/tapable-2.3.3.tgz"
  integrity sha512-uxc/zpqFg6x7C8vOE7lh6Lbda8eEL9zmVm/PLeTPBRhh1xCgdWaQ+J1CUieGpIfm2HdtsUpRv+HshiasBMcc6A==

through2@^4.0.2:
  version "4.0.2"
  resolved "https://registry.npmjs.org/through2/-/through2-4.0.2.tgz"
  integrity sha512-iOqSav00cVxEEICeD7TjLB1sueEL+81Wpzp2bY17uZjZN0pWZPuo4suZ/61VujxmqSGFfgOcNuTZ85QJwNZQpw==
  dependencies:
    readable-stream "3"

tslib@^2.4.0, tslib@^2.8.0:
  version "2.8.1"
  resolved "https://registry.npmjs.org/tslib/-/tslib-2.8.1.tgz"
  integrity sha512-oJFu94HQb+KVduSUQL7wnpmqnfmLsOA/nAh6b6EH0wCEoK0/mPeXU6c3wKDV83MkOuHPRHtSXKKU99IBazS/2w==

typescript@^5.8.3:
  version "5.9.3"
  resolved "https://registry.npmjs.org/typescript/-/typescript-5.9.3.tgz"
  integrity sha512-jl1vZzPDinLr9eUt3J/t7V6FgNEw9QjvBPdysz9KfQDD41fQrC2Y4vKQdiaUpFT4bXlb1RHhLpp8wtm6M5TgSw==

undici-types@~6.21.0:
  version "6.21.0"
  resolved "https://registry.npmjs.org/undici-types/-/undici-types-6.21.0.tgz"
  integrity sha512-iwDZqg0QAGrg9Rav5H4n0M64c3mkR59cJ6wQp+7C4nI0gsmExaedaYLNO44eT4AtBBwjbTiGPMlt2Md0T9H9JQ==

util-deprecate@^1.0.1:
  version "1.0.2"
  resolved "https://registry.npmjs.org/util-deprecate/-/util-deprecate-1.0.2.tgz"
  integrity sha512-EPD5q1uXyFxJpCrLnCc1nHnq3gOa6DZBocAIiI2TaSCA7VCJ1UJDMagCzIkXNsUYfD1daK//LTEQ8xiIbrHtcw==

which-module@^2.0.0:
  version "2.0.1"
  resolved "https://registry.npmjs.org/which-module/-/which-module-2.0.1.tgz"
  integrity sha512-iBdZ57RDvnOR9AGBhML2vFZf7h8vmBjhoaZqODJBFWHVtKkDmKuHai3cx5PgVMrX5YDNp27AofYbAwctSS+vhQ==

wrap-ansi@^6.2.0:
  version "6.2.0"
  resolved "https://registry.npmjs.org/wrap-ansi/-/wrap-ansi-6.2.0.tgz"
  integrity sha512-r6lPcBGxZXlIcymEu7InxDMhdW0KDxpLgoFLcguasxCaJ/SOIZwINatK9KY/tf+ZrlywOKU0UDj3ATXUBfxJXA==
  dependencies:
    ansi-styles "^4.0.0"
    string-width "^4.1.0"
    strip-ansi "^6.0.0"

xml-naming@^0.1.0:
  version "0.1.0"
  resolved "https://registry.npmjs.org/xml-naming/-/xml-naming-0.1.0.tgz"
  integrity sha512-k8KO9hrMyNk6tUWqUfkTEZbezRRpONVOzUTnc97VnCvyj6Tf9lyUR9EDAIeiVLv56jsMcoXEwjW8Kv5yPY52lw==

"xml2js@^0.5.0 || ^0.6.2":
  version "0.6.2"
  resolved "https://registry.npmjs.org/xml2js/-/xml2js-0.6.2.tgz"
  integrity sha512-T4rieHaC1EXcES0Kxxj4JWgaUQHDk+qwHcYOCFHfiwKz7tOVPLq7Hjq9dM1WCMhylqMEfP7hMcOIChvotiZegA==
  dependencies:
    sax ">=0.6.0"
    xmlbuilder "~11.0.0"

xmlbuilder@~11.0.0:
  version "11.0.1"
  resolved "https://registry.npmjs.org/xmlbuilder/-/xmlbuilder-11.0.1.tgz"
  integrity sha512-fDlsI/kFEx7gLvbecc0/ohLG50fugQp8ryHzMTuW9vSa1GJ0XYWKnhsUx7oie3G98+r56aTQIUB4kht42R3JvA==

y18n@^4.0.0:
  version "4.0.3"
  resolved "https://registry.npmjs.org/y18n/-/y18n-4.0.3.tgz"
  integrity sha512-JKhqTOwSrqNA1NY5lSztJ1GrBiUodLMmIZuLiDaMRJ+itFd+ABVE8XBjOvIWL+rSqNDC74LCSFmlb/U4UZ4hJQ==

yargs-parser@^18.1.2:
  version "18.1.3"
  resolved "https://registry.npmjs.org/yargs-parser/-/yargs-parser-18.1.3.tgz"
  integrity sha512-o50j0JeToy/4K6OZcaQmW6lyXXKhq7csREXcDwk2omFPJEwUNOVtJKvmDr9EI1fAJZUyZcRF7kxGBWmRXudrCQ==
  dependencies:
    camelcase "^5.0.0"
    decamelize "^1.2.0"

yargs@^15.3.1:
  version "15.4.1"
  resolved "https://registry.npmjs.org/yargs/-/yargs-15.4.1.tgz"
  integrity sha512-aePbxDmcYW++PaqBsJ+HYUFwCdv4LVvdnhBy78E57PIor8/OVvhMrADFFEDh8DHDFRv/O9i3lPhsENjO7QX0+A==
  dependencies:
    cliui "^6.0.0"
    decamelize "^1.2.0"
    find-up "^4.1.0"
    get-caller-file "^2.0.1"
    require-directory "^2.1.1"
    require-main-filename "^2.0.0"
    set-blocking "^2.0.0"
    string-width "^4.2.0"
    which-module "^2.0.0"
    y18n "^4.0.0"
    yargs-parser "^18.1.2"
